
Microsoft Visual Studio Solution File, Format Version 12.00
# Visual Studio 15
VisualStudioVersion = 15.0.28307.1082
MinimumVisualStudioVersion = 10.0.40219.1
Project("{FAE04EC0-301F-11D3-BF4B-00C04F79EFBC}") = "AmritTulya.Web", "AmritTulya.Web\AmritTulya.Web.csproj", "{7A76037D-A0AB-4A52-A633-4967B72FF81D}"
EndProject
Project("{FAE04EC0-301F-11D3-BF4B-00C04F79EFBC}") = "AmritTulya.EntityLayer", "AmritTulya.EntityLayer\AmritTulya.EntityLayer.csproj", "{3213A9FF-FA9B-4FB5-AEC6-C60D2A884A4B}"
EndProject
Project("{FAE04EC0-301F-11D3-BF4B-00C04F79EFBC}") = "AmritTulya.Api", "AmritTulya.Api\AmritTulya.Api.csproj", "{326874C1-583E-4856-BF3C-1DB26EB524AA}"
EndProject
Project("{FAE04EC0-301F-11D3-BF4B-00C04F79EFBC}") = "AmritTulya.Repository", "AmritTulya.Repository\AmritTulya.Repository.csproj", "{45C4A88C-DDBC-4AF2-B409-924F55CB1360}"
EndProject
Global
	GlobalSection(SolutionConfigurationPlatforms) = preSolution
		Debug|Any CPU = Debug|Any CPU
		Release|Any CPU = Release|Any CPU
	EndGlobalSection
	GlobalSection(ProjectConfigurationPlatforms) = postSolution
		{7A76037D-A0AB-4A52-A633-4967B72FF81D}.Debug|Any CPU.ActiveCfg = Debug|Any CPU
		{7A76037D-A0AB-4A52-A633-4967B72FF81D}.Debug|Any CPU.Build.0 = Debug|Any CPU
		{7A76037D-A0AB-4A52-A633-4967B72FF81D}.Release|Any CPU.ActiveCfg = Release|Any CPU
		{7A76037D-A0AB-4A52-A633-4967B72FF81D}.Release|Any CPU.Build.0 = Release|Any CPU
		{3213A9FF-FA9B-4FB5-AEC6-C60D2A884A4B}.Debug|Any CPU.ActiveCfg = Debug|Any CPU
		{3213A9FF-FA9B-4FB5-AEC6-C60D2A884A4B}.Debug|Any CPU.Build.0 = Debug|Any CPU
		{3213A9FF-FA9B-4FB5-AEC6-C60D2A884A4B}.Release|Any CPU.ActiveCfg = Release|Any CPU
		{3213A9FF-FA9B-4FB5-AEC6-C60D2A884A4B}.Release|Any CPU.Build.0 = Release|Any CPU
		{326874C1-583E-4856-BF3C-1DB26EB524AA}.Debug|Any CPU.ActiveCfg = Debug|Any CPU
		{326874C1-583E-4856-BF3C-1DB26EB524AA}.Debug|Any CPU.Build.0 = Debug|Any CPU
		{326874C1-583E-4856-BF3C-1DB26EB524AA}.Release|Any CPU.ActiveCfg = Release|Any CPU
		{326874C1-583E-4856-BF3C-1DB26EB524AA}.Release|Any CPU.Build.0 = Release|Any CPU
		{45C4A88C-DDBC-4AF2-B409-924F55CB1360}.Debug|Any CPU.ActiveCfg = Debug|Any CPU
		{45C4A88C-DDBC-4AF2-B409-924F55CB1360}.Debug|Any CPU.Build.0 = Debug|Any CPU
		{45C4A88C-DDBC-4AF2-B409-924F55CB1360}.Release|Any CPU.ActiveCfg = Release|Any CPU
		{45C4A88C-DDBC-4AF2-B409-924F55CB1360}.Release|Any CPU.Build.0 = Release|Any CPU
	EndGlobalSection
	GlobalSection(SolutionProperties) = preSolution
		HideSolutionNode = FALSE
	EndGlobalSection
	GlobalSection(ExtensibilityGlobals) = postSolution
		SolutionGuid = {EB1B48C8-BE2C-4076-9DDF-9F0801606EB9}
	EndGlobalSection
EndGlobal
